
Microsoft Visual Studio Solution File, Format Version 12.00
# Visual Studio 15
VisualStudioVersion = 15.0.28010.2048
MinimumVisualStudioVersion = 10.0.40219.1
Project("{FAE04EC0-301F-11D3-BF4B-00C04F79EFBC}") = "Task3", "Task3\Task3.csproj", "{3CF2B9BB-E68C-415A-B001-00B5B51686ED}"
EndProject
Global
	GlobalSection(SolutionConfigurationPlatforms) = preSolution
		Debug|Any CPU = Debug|Any CPU
		Release|Any CPU = Release|Any CPU
	EndGlobalSection
	GlobalSection(ProjectConfigurationPlatforms) = postSolution
		{3CF2B9BB-E68C-415A-B001-00B5B51686ED}.Debug|Any CPU.ActiveCfg = Debug|Any CPU
		{3CF2B9BB-E68C-415A-B001-00B5B51686ED}.Debug|Any CPU.Build.0 = Debug|Any CPU
		{3CF2B9BB-E68C-415A-B001-00B5B51686ED}.Release|Any CPU.ActiveCfg = Release|Any CPU
		{3CF2B9BB-E68C-415A-B001-00B5B51686ED}.Release|Any CPU.Build.0 = Release|Any CPU
	EndGlobalSection
	GlobalSection(SolutionProperties) = preSolution
		HideSolutionNode = FALSE
	EndGlobalSection
	GlobalSection(ExtensibilityGlobals) = postSolution
		SolutionGuid = {6A8C8998-0498-4934-B4B2-3317D5F29EE3}
	EndGlobalSection
EndGlobal
