
Microsoft Visual Studio Solution File, Format Version 12.00
# Visual Studio 15
VisualStudioVersion = 15.0.28010.2048
MinimumVisualStudioVersion = 10.0.40219.1
Project("{FAE04EC0-301F-11D3-BF4B-00C04F79EFBC}") = "Task 7", "Task 7\Task 7.csproj", "{C022F3F9-F437-481D-A7D4-5566FF048EE3}"
EndProject
Global
	GlobalSection(SolutionConfigurationPlatforms) = preSolution
		Debug|Any CPU = Debug|Any CPU
		Release|Any CPU = Release|Any CPU
	EndGlobalSection
	GlobalSection(ProjectConfigurationPlatforms) = postSolution
		{C022F3F9-F437-481D-A7D4-5566FF048EE3}.Debug|Any CPU.ActiveCfg = Debug|Any CPU
		{C022F3F9-F437-481D-A7D4-5566FF048EE3}.Debug|Any CPU.Build.0 = Debug|Any CPU
		{C022F3F9-F437-481D-A7D4-5566FF048EE3}.Release|Any CPU.ActiveCfg = Release|Any CPU
		{C022F3F9-F437-481D-A7D4-5566FF048EE3}.Release|Any CPU.Build.0 = Release|Any CPU
	EndGlobalSection
	GlobalSection(SolutionProperties) = preSolution
		HideSolutionNode = FALSE
	EndGlobalSection
	GlobalSection(ExtensibilityGlobals) = postSolution
		SolutionGuid = {06A1CE96-F233-4F91-AB2C-973F30A2E972}
	EndGlobalSection
EndGlobal
