
Microsoft Visual Studio Solution File, Format Version 12.00
# Visual Studio 15
VisualStudioVersion = 15.0.27130.2027
MinimumVisualStudioVersion = 10.0.40219.1
Project("{9A19103F-16F7-4668-BE54-9A1E7A4F7556}") = "Task4", "task4\Task4.csproj", "{01DC0DDE-D5B1-4E0E-8158-FED74F2B3FEB}"
EndProject
Global
	GlobalSection(SolutionConfigurationPlatforms) = preSolution
		Debug|Any CPU = Debug|Any CPU
		Release|Any CPU = Release|Any CPU
	EndGlobalSection
	GlobalSection(ProjectConfigurationPlatforms) = postSolution
		{01DC0DDE-D5B1-4E0E-8158-FED74F2B3FEB}.Debug|Any CPU.ActiveCfg = Debug|Any CPU
		{01DC0DDE-D5B1-4E0E-8158-FED74F2B3FEB}.Debug|Any CPU.Build.0 = Debug|Any CPU
		{01DC0DDE-D5B1-4E0E-8158-FED74F2B3FEB}.Release|Any CPU.ActiveCfg = Release|Any CPU
		{01DC0DDE-D5B1-4E0E-8158-FED74F2B3FEB}.Release|Any CPU.Build.0 = Release|Any CPU
	EndGlobalSection
	GlobalSection(SolutionProperties) = preSolution
		HideSolutionNode = FALSE
	EndGlobalSection
	GlobalSection(ExtensibilityGlobals) = postSolution
		SolutionGuid = {8FAA10C1-E97F-4A53-A5AE-2A2A37DB00E5}
	EndGlobalSection
EndGlobal
